
Microsoft Visual Studio Solution File, Format Version 12.00
# Visual Studio Version 17
VisualStudioVersion = 17.13.35931.197 d17.13
MinimumVisualStudioVersion = 10.0.40219.1
Project("{FAE04EC0-301F-11D3-BF4B-00C04F79EFBC}") = "StickerMaker", "StickerMaker.csproj", "{07E46779-DE8F-487E-8AAF-EAED7877954E}"
EndProject
Global
	GlobalSection(SolutionConfigurationPlatforms) = preSolution
		Debug|Any CPU = Debug|Any CPU
		Release|Any CPU = Release|Any CPU
	EndGlobalSection
	GlobalSection(ProjectConfigurationPlatforms) = postSolution
		{07E46779-DE8F-487E-8AAF-EAED7877954E}.Debug|Any CPU.ActiveCfg = Debug|Any CPU
		{07E46779-DE8F-487E-8AAF-EAED7877954E}.Debug|Any CPU.Build.0 = Debug|Any CPU
		{07E46779-DE8F-487E-8AAF-EAED7877954E}.Release|Any CPU.ActiveCfg = Release|Any CPU
		{07E46779-DE8F-487E-8AAF-EAED7877954E}.Release|Any CPU.Build.0 = Release|Any CPU
	EndGlobalSection
	GlobalSection(SolutionProperties) = preSolution
		HideSolutionNode = FALSE
	EndGlobalSection
	GlobalSection(ExtensibilityGlobals) = postSolution
		SolutionGuid = {E8D898EB-8DB6-4FBB-808A-3763B8BE59B1}
	EndGlobalSection
EndGlobal
